<?xml version="1.0" encoding="utf-8"?>
<Project ToolsVersion="4.0" xmlns="http://schemas.microsoft.com/developer/msbuild/2003">
  <ItemGroup>
    <Filter Include="源文件">
      <UniqueIdentifier>{4FC737F1-C7A5-4376-A066-2A32D752A2FF}</UniqueIdentifier>
      <Extensions>cpp;c;cc;cxx;c++;cppm;ixx;def;odl;idl;hpj;bat;asm;asmx</Extensions>
    </Filter>
    <Filter Include="头文件">
      <UniqueIdentifier>{93995380-89BD-4b04-88EB-625FBE52EBFB}</UniqueIdentifier>
      <Extensions>h;hh;hpp;hxx;h++;hm;inl;inc;ipp;xsd</Extensions>
    </Filter>
    <Filter Include="资源文件">
      <UniqueIdentifier>{67DA6AB6-F800-4c08-8B7A-83BB121AAD01}</UniqueIdentifier>
      <Extensions>rc;ico;cur;bmp;dlg;rc2;rct;bin;rgs;gif;jpg;jpeg;jpe;resx;tiff;tif;png;wav;mfcribbon-ms</Extensions>
    </Filter>
    <Filter Include="源文件\main">
      <UniqueIdentifier>{79330a2b-9447-448f-84b1-0187790ffe0b}</UniqueIdentifier>
    </Filter>
    <Filter Include="资源文件\shader">
      <UniqueIdentifier>{b884410b-5884-44a9-88e5-8455f2f811a2}</UniqueIdentifier>
    </Filter>
    <Filter Include="源文件\painter">
      <UniqueIdentifier>{e6a97e4c-4454-4d33-89d2-1b64bfde2e06}</UniqueIdentifier>
    </Filter>
    <Filter Include="源文件\utils">
      <UniqueIdentifier>{a606fdc6-ceee-4695-99f0-c894dfd53183}</UniqueIdentifier>
    </Filter>
    <Filter Include="源文件\shape">
      <UniqueIdentifier>{499db381-3d2a-439e-bb46-fd55fc76232f}</UniqueIdentifier>
    </Filter>
    <Filter Include="源文件\model">
      <UniqueIdentifier>{5be6e55d-a22b-4315-8a73-0b1698fd51d2}</UniqueIdentifier>
    </Filter>
  </ItemGroup>
  <ItemGroup>
    <ClCompile Include="src\painter\painter.cpp">
      <Filter>源文件\painter</Filter>
    </ClCompile>
    <ClCompile Include="src\painter\painter_2_1_draw_bg.cpp">
      <Filter>源文件\painter</Filter>
    </ClCompile>
    <ClCompile Include="src\painter\painter_2_2_draw_point.cpp">
      <Filter>源文件\painter</Filter>
    </ClCompile>
    <ClCompile Include="src\painter\painter_2_5_draw_triangle.cpp">
      <Filter>源文件\painter</Filter>
    </ClCompile>
    <ClCompile Include="src\painter\painter_2_6_draw_triangle_ani.cpp">
      <Filter>源文件\painter</Filter>
    </ClCompile>
    <ClCompile Include="src\painter\painter_4_1_draw_cube.cpp">
      <Filter>源文件\painter</Filter>
    </ClCompile>
    <ClCompile Include="src\painter\painter_4_2_draw_cube_instanced.cpp">
      <Filter>源文件\painter</Filter>
    </ClCompile>
    <ClCompile Include="src\utils\utils.cpp">
      <Filter>源文件\utils</Filter>
    </ClCompile>
    <ClCompile Include="src\painter\painter_4_3_draw_cube_pyramid.cpp">
      <Filter>源文件\painter</Filter>
    </ClCompile>
    <ClCompile Include="src\painter\painter_4_4_draw_planet.cpp">
      <Filter>源文件\painter</Filter>
    </ClCompile>
    <ClCompile Include="src\painter\painter_5_1_draw_pyramid_texture.cpp">
      <Filter>源文件\painter</Filter>
    </ClCompile>
    <ClCompile Include="src\shape\sphere.cpp">
      <Filter>源文件\shape</Filter>
    </ClCompile>
    <ClCompile Include="src\painter\painter_6_1_draw_sphere.cpp">
      <Filter>源文件\painter</Filter>
    </ClCompile>
    <ClCompile Include="src\shape\shape.cpp">
      <Filter>源文件\shape</Filter>
    </ClCompile>
    <ClCompile Include="src\painter\painter_6_2_draw_torus.cpp">
      <Filter>源文件\painter</Filter>
    </ClCompile>
    <ClCompile Include="src\shape\torus.cpp">
      <Filter>源文件\shape</Filter>
    </ClCompile>
    <ClCompile Include="src\model\imported_model.cpp">
      <Filter>源文件\model</Filter>
    </ClCompile>
    <ClCompile Include="src\painter\painter_6_3_draw_model.cpp">
      <Filter>源文件\painter</Filter>
    </ClCompile>
    <ClCompile Include="src\painter\painter_7_1_draw_torus_gold_gouraud.cpp">
      <Filter>源文件\painter</Filter>
    </ClCompile>
    <ClCompile Include="src\painter\painter_7_2_draw_torus_gold_phong.cpp">
      <Filter>源文件\painter</Filter>
    </ClCompile>
    <ClCompile Include="src\painter\painter_7_3_draw_torus_gold_blinn_phong.cpp">
      <Filter>源文件\painter</Filter>
    </ClCompile>
    <ClCompile Include="src\painter\painter_8_1_draw_shadow.cpp">
      <Filter>源文件\painter</Filter>
    </ClCompile>
    <ClCompile Include="src\main\main.cpp">
      <Filter>源文件\main</Filter>
    </ClCompile>
    <ClCompile Include="src\painter\painter_8_2_draw_shadow_soft.cpp">
      <Filter>源文件\painter</Filter>
    </ClCompile>
    <ClCompile Include="src\painter\painter_9_1_draw_skybox.cpp">
      <Filter>源文件\painter</Filter>
    </ClCompile>
    <ClCompile Include="src\painter\painter_9_2_draw_skybox_cubemap.cpp">
      <Filter>源文件\painter</Filter>
    </ClCompile>
    <ClCompile Include="src\painter\painter_9_3_reflection_cubemap.cpp">
      <Filter>源文件\painter</Filter>
    </ClCompile>
    <ClCompile Include="src\painter\painter_10_1_normal_map_procedure.cpp">
      <Filter>源文件\painter</Filter>
    </ClCompile>
    <ClCompile Include="src\painter\painter_10_2_normal_map_texture.cpp">
      <Filter>源文件\painter</Filter>
    </ClCompile>
    <ClCompile Include="src\painter\painter_10_4_height_map.cpp">
      <Filter>源文件\painter</Filter>
    </ClCompile>
    <ClCompile Include="src\painter\painter_10_5_height_map_earth.cpp">
      <Filter>源文件\painter</Filter>
    </ClCompile>
    <ClCompile Include="src\painter\painter_12_1_tessellation.cpp">
      <Filter>源文件\painter</Filter>
    </ClCompile>
    <ClCompile Include="src\painter\painter_12_2_tessellation_bezier.cpp">
      <Filter>源文件\painter</Filter>
    </ClCompile>
    <ClCompile Include="src\painter\painter_12_3_tessellation_height_map.cpp">
      <Filter>源文件\painter</Filter>
    </ClCompile>
    <ClCompile Include="src\painter\painter_12_4_tessellation_height_map_instanced.cpp">
      <Filter>源文件\painter</Filter>
    </ClCompile>
    <ClCompile Include="src\painter\painter_12_5_tessellation_height_map_light.cpp">
      <Filter>源文件\painter</Filter>
    </ClCompile>
    <ClCompile Include="src\painter\painter_12_6_tessellation_height_map_lod.cpp">
      <Filter>源文件\painter</Filter>
    </ClCompile>
    <ClCompile Include="src\painter\painter_13_1_geometry.cpp">
      <Filter>源文件\painter</Filter>
    </ClCompile>
    <ClCompile Include="src\painter\painter_13_2_geometry_explode.cpp">
      <Filter>源文件\painter</Filter>
    </ClCompile>
    <ClCompile Include="src\painter\painter_13_3_geometry_delete.cpp">
      <Filter>源文件\painter</Filter>
    </ClCompile>
    <ClCompile Include="src\painter\painter_13_4_geometry_add.cpp">
      <Filter>源文件\painter</Filter>
    </ClCompile>
    <ClCompile Include="src\painter\painter_13_5_geometry_change.cpp">
      <Filter>源文件\painter</Filter>
    </ClCompile>
    <ClCompile Include="src\painter\painter_14_1_fog.cpp">
      <Filter>源文件\painter</Filter>
    </ClCompile>
    <ClCompile Include="src\painter\painter_14_2_blend.cpp">
      <Filter>源文件\painter</Filter>
    </ClCompile>
    <ClCompile Include="src\painter\painter_14_3_clip.cpp">
      <Filter>源文件\painter</Filter>
    </ClCompile>
    <ClCompile Include="src\painter\painter_14_4_3d_texture.cpp">
      <Filter>源文件\painter</Filter>
    </ClCompile>
  </ItemGroup>
  <ItemGroup>
    <ClInclude Include="src\painter\painter.h">
      <Filter>源文件\painter</Filter>
    </ClInclude>
    <ClInclude Include="src\painter\painter_2_1_draw_bg.h">
      <Filter>源文件\painter</Filter>
    </ClInclude>
    <ClInclude Include="src\painter\painter_2_2_draw_point.h">
      <Filter>源文件\painter</Filter>
    </ClInclude>
    <ClInclude Include="src\painter\painter_2_5_draw_triangle.h">
      <Filter>源文件\painter</Filter>
    </ClInclude>
    <ClInclude Include="src\main\painter_include.h">
      <Filter>源文件\main</Filter>
    </ClInclude>
    <ClInclude Include="src\painter\painter_4_2_draw_cube_instanced.h">
      <Filter>源文件\painter</Filter>
    </ClInclude>
    <ClInclude Include="src\painter\painter_2_6_draw_triangle_ani.h">
      <Filter>源文件\painter</Filter>
    </ClInclude>
    <ClInclude Include="src\painter\painter_4_1_draw_cube.h">
      <Filter>源文件\painter</Filter>
    </ClInclude>
    <ClInclude Include="src\utils\utils.h">
      <Filter>源文件\utils</Filter>
    </ClInclude>
    <ClInclude Include="src\painter\painter_4_3_draw_cube_pyramid.h">
      <Filter>源文件\painter</Filter>
    </ClInclude>
    <ClInclude Include="src\painter\painter_4_4_draw_planet.h">
      <Filter>源文件\painter</Filter>
    </ClInclude>
    <ClInclude Include="src\painter\painter_5_1_draw_pyramid_texture.h">
      <Filter>源文件\painter</Filter>
    </ClInclude>
    <ClInclude Include="src\shape\sphere.h">
      <Filter>源文件\shape</Filter>
    </ClInclude>
    <ClInclude Include="src\painter\painter_6_1_draw_sphere.h">
      <Filter>源文件\painter</Filter>
    </ClInclude>
    <ClInclude Include="src\shape\shape.h">
      <Filter>源文件\shape</Filter>
    </ClInclude>
    <ClInclude Include="src\painter\painter_6_2_draw_torus.h">
      <Filter>源文件\painter</Filter>
    </ClInclude>
    <ClInclude Include="src\shape\torus.h">
      <Filter>源文件\shape</Filter>
    </ClInclude>
    <ClInclude Include="src\model\imported_model.h">
      <Filter>源文件\model</Filter>
    </ClInclude>
    <ClInclude Include="src\painter\painter_6_3_draw_model.h">
      <Filter>源文件\painter</Filter>
    </ClInclude>
    <ClInclude Include="src\painter\painter_7_1_draw_torus_gold_gouraud.h">
      <Filter>源文件\painter</Filter>
    </ClInclude>
    <ClInclude Include="src\painter\painter_7_2_draw_torus_gold_phong.h">
      <Filter>源文件\painter</Filter>
    </ClInclude>
    <ClInclude Include="src\painter\painter_7_3_draw_torus_gold_blinn_phong.h">
      <Filter>源文件\painter</Filter>
    </ClInclude>
    <ClInclude Include="src\painter\painter_8_1_draw_shadow.h">
      <Filter>源文件\painter</Filter>
    </ClInclude>
    <ClInclude Include="src\painter\painter_8_2_draw_shadow_soft.h">
      <Filter>源文件\painter</Filter>
    </ClInclude>
    <ClInclude Include="src\painter\painter_9_1_draw_skybox.h">
      <Filter>源文件\painter</Filter>
    </ClInclude>
    <ClInclude Include="src\painter\painter_9_2_draw_skybox_cubemap.h">
      <Filter>源文件\painter</Filter>
    </ClInclude>
    <ClInclude Include="src\painter\painter_9_3_reflection_cubemap.h">
      <Filter>源文件\painter</Filter>
    </ClInclude>
    <ClInclude Include="src\painter\painter_10_1_normal_map_procedure.h">
      <Filter>源文件\painter</Filter>
    </ClInclude>
    <ClInclude Include="src\painter\painter_10_2_normal_map_texture.h">
      <Filter>源文件\painter</Filter>
    </ClInclude>
    <ClInclude Include="src\painter\painter_10_4_height_map.h">
      <Filter>源文件\painter</Filter>
    </ClInclude>
    <ClInclude Include="src\painter\painter_10_5_height_map_earth.h">
      <Filter>源文件\painter</Filter>
    </ClInclude>
    <ClInclude Include="src\painter\painter_12_1_tessellation.h">
      <Filter>源文件\painter</Filter>
    </ClInclude>
    <ClInclude Include="src\painter\painter_12_2_tessellation_bezier.h">
      <Filter>源文件\painter</Filter>
    </ClInclude>
    <ClInclude Include="src\painter\painter_12_3_tessellation_height_map.h">
      <Filter>源文件\painter</Filter>
    </ClInclude>
    <ClInclude Include="src\painter\painter_12_4_tessellation_height_map_instanced.h">
      <Filter>源文件\painter</Filter>
    </ClInclude>
    <ClInclude Include="src\painter\painter_12_5_tessellation_height_map_light.h">
      <Filter>源文件\painter</Filter>
    </ClInclude>
    <ClInclude Include="src\painter\painter_12_6_tessellation_height_map_lod.h">
      <Filter>源文件\painter</Filter>
    </ClInclude>
    <ClInclude Include="src\painter\painter_13_1_geometry.h">
      <Filter>源文件\painter</Filter>
    </ClInclude>
    <ClInclude Include="src\painter\painter_13_2_geometry_explode.h">
      <Filter>源文件\painter</Filter>
    </ClInclude>
    <ClInclude Include="src\painter\painter_13_3_geometry_delete.h">
      <Filter>源文件\painter</Filter>
    </ClInclude>
    <ClInclude Include="src\painter\painter_13_4_geometry_add.h">
      <Filter>源文件\painter</Filter>
    </ClInclude>
    <ClInclude Include="src\painter\painter_13_5_geometry_change.h">
      <Filter>源文件\painter</Filter>
    </ClInclude>
    <ClInclude Include="src\painter\painter_14_1_fog.h">
      <Filter>源文件\painter</Filter>
    </ClInclude>
    <ClInclude Include="src\painter\painter_14_2_blend.h">
      <Filter>源文件\painter</Filter>
    </ClInclude>
    <ClInclude Include="src\painter\painter_14_3_clip.h">
      <Filter>源文件\painter</Filter>
    </ClInclude>
    <ClInclude Include="src\painter\painter_14_4_3d_texture.h">
      <Filter>源文件\painter</Filter>
    </ClInclude>
  </ItemGroup>
  <ItemGroup>
    <Text Include="shader\s_2_2_draw_point_frag.glsl">
      <Filter>资源文件\shader</Filter>
    </Text>
    <Text Include="shader\s_2_2_draw_point_vert.glsl">
      <Filter>资源文件\shader</Filter>
    </Text>
  </ItemGroup>
  <ItemGroup>
    <None Include="shader\s_2_5_draw_triangle_vert.glsl">
      <Filter>资源文件\shader</Filter>
    </None>
    <None Include="shader\s_2_6_draw_triangle_ani_vert.glsl">
      <Filter>资源文件\shader</Filter>
    </None>
    <None Include="shader\s_4_1_draw_cube_frag.glsl">
      <Filter>资源文件\shader</Filter>
    </None>
    <None Include="shader\s_4_1_draw_cube_vert.glsl">
      <Filter>资源文件\shader</Filter>
    </None>
    <None Include="shader\s_4_2_draw_cube_vert_instanced.glsl">
      <Filter>资源文件\shader</Filter>
    </None>
    <None Include="shader\s_5_1_draw_pyramid_texture_vert.glsl">
      <Filter>资源文件\shader</Filter>
    </None>
    <None Include="shader\s_5_1_draw_pyramid_texture_frag.glsl">
      <Filter>资源文件\shader</Filter>
    </None>
    <None Include="shader\s_7_1_gouraud_frag.glsl">
      <Filter>资源文件\shader</Filter>
    </None>
    <None Include="shader\s_7_1_gouraud_vert.glsl">
      <Filter>资源文件\shader</Filter>
    </None>
    <None Include="shader\s_7_2_phong_flag.glsl">
      <Filter>资源文件\shader</Filter>
    </None>
    <None Include="shader\s_7_2_phong_vert.glsl">
      <Filter>资源文件\shader</Filter>
    </None>
    <None Include="shader\s_7_3_blinn_phong_frag.glsl">
      <Filter>资源文件\shader</Filter>
    </None>
    <None Include="shader\s_7_3_blinn_phong_vert.glsl">
      <Filter>资源文件\shader</Filter>
    </None>
    <None Include="shader\s_8_1_shadow_pass1_frag.glsl">
      <Filter>资源文件\shader</Filter>
    </None>
    <None Include="shader\s_8_1_shadow_pass1_vert.glsl">
      <Filter>资源文件\shader</Filter>
    </None>
    <None Include="shader\s_8_1_shadow_pass2_frag.glsl">
      <Filter>资源文件\shader</Filter>
    </None>
    <None Include="shader\s_8_1_shadow_pass2_vert.glsl">
      <Filter>资源文件\shader</Filter>
    </None>
    <None Include="shader\s_8_2_shadow_soft_pass2_frag.glsl">
      <Filter>资源文件\shader</Filter>
    </None>
    <None Include="shader\s_9_2_cubemap_frag.glsl">
      <Filter>资源文件\shader</Filter>
    </None>
    <None Include="shader\s_9_2_cubemap_vert.glsl">
      <Filter>资源文件\shader</Filter>
    </None>
    <None Include="shader\s_9_3_reflection_cubemap_vert.glsl">
      <Filter>资源文件\shader</Filter>
    </None>
    <None Include="shader\s_9_3_reflection_cubemap_frag.glsl">
      <Filter>资源文件\shader</Filter>
    </None>
    <None Include="shader\s_10_1_normal_map_procedure_frag.glsl">
      <Filter>资源文件\shader</Filter>
    </None>
    <None Include="shader\s_10_1_normal_map_procedure_vert.glsl">
      <Filter>资源文件\shader</Filter>
    </None>
    <None Include="shader\s_10_2_normal_map_texture_frag.glsl">
      <Filter>资源文件\shader</Filter>
    </None>
    <None Include="shader\s_10_2_normal_map_texture_vert.glsl">
      <Filter>资源文件\shader</Filter>
    </None>
    <None Include="shader\s_10_4_height_map_vert.glsl">
      <Filter>资源文件\shader</Filter>
    </None>
    <None Include="shader\s_10_4_height_map_frag.glsl">
      <Filter>资源文件\shader</Filter>
    </None>
    <None Include="shader\s_10_5_height_map_vert.glsl">
      <Filter>资源文件\shader</Filter>
    </None>
    <None Include="shader\s_10_5_height_map_frag.glsl">
      <Filter>资源文件\shader</Filter>
    </None>
    <None Include="shader\s_12_1_tessellation_frag.glsl">
      <Filter>资源文件\shader</Filter>
    </None>
    <None Include="shader\s_12_1_tessellation_vert.glsl">
      <Filter>资源文件\shader</Filter>
    </None>
    <None Include="shader\s_12_1_tessellation_tess_eval.glsl">
      <Filter>资源文件\shader</Filter>
    </None>
    <None Include="shader\s_12_1_tessellation_tess_ctrl.glsl">
      <Filter>资源文件\shader</Filter>
    </None>
    <None Include="shader\s_12_2_tessellation_bezier_frag.glsl">
      <Filter>资源文件\shader</Filter>
    </None>
    <None Include="shader\s_12_2_tessellation_bezier_tess_ctrl.glsl">
      <Filter>资源文件\shader</Filter>
    </None>
    <None Include="shader\s_12_2_tessellation_bezier_tess_eval.glsl">
      <Filter>资源文件\shader</Filter>
    </None>
    <None Include="shader\s_12_2_tessellation_bezier_vert.glsl">
      <Filter>资源文件\shader</Filter>
    </None>
    <None Include="shader\s_12_3_tessellation_height_map_frag.glsl">
      <Filter>资源文件\shader</Filter>
    </None>
    <None Include="shader\s_12_3_tessellation_height_map_tess_ctrl.glsl">
      <Filter>资源文件\shader</Filter>
    </None>
    <None Include="shader\s_12_3_tessellation_height_map_tess_eval.glsl">
      <Filter>资源文件\shader</Filter>
    </None>
    <None Include="shader\s_12_3_tessellation_height_map_vert.glsl">
      <Filter>资源文件\shader</Filter>
    </None>
    <None Include="shader\s_12_4_tessellation_height_map_instanced_vert.glsl">
      <Filter>资源文件\shader</Filter>
    </None>
    <None Include="shader\s_12_4_tessellation_height_map_instanced_tess_ctrl.glsl">
      <Filter>资源文件\shader</Filter>
    </None>
    <None Include="shader\s_12_4_tessellation_height_map_instanced_tess_eval.glsl">
      <Filter>资源文件\shader</Filter>
    </None>
    <None Include="shader\s_12_5_tessellation_height_map_light_vert.glsl">
      <Filter>资源文件\shader</Filter>
    </None>
    <None Include="shader\s_12_5_tessellation_height_map_light_frag.glsl">
      <Filter>资源文件\shader</Filter>
    </None>
    <None Include="shader\s_12_5_tessellation_height_map_light_tess_ctrl.glsl">
      <Filter>资源文件\shader</Filter>
    </None>
    <None Include="shader\s_12_5_tessellation_height_map_light_tess_eval.glsl">
      <Filter>资源文件\shader</Filter>
    </None>
    <None Include="shader\s_12_6_tessellation_height_map_lod_frag.glsl">
      <Filter>资源文件\shader</Filter>
    </None>
    <None Include="shader\s_12_6_tessellation_height_map_lod_tess_ctrl.glsl">
      <Filter>资源文件\shader</Filter>
    </None>
    <None Include="shader\s_12_6_tessellation_height_map_lod_tess_eval.glsl">
      <Filter>资源文件\shader</Filter>
    </None>
    <None Include="shader\s_12_6_tessellation_height_map_lod_vert.glsl">
      <Filter>资源文件\shader</Filter>
    </None>
    <None Include="shader\s_13_1_geometry_geom.glsl">
      <Filter>资源文件\shader</Filter>
    </None>
    <None Include="shader\s_13_1_geometry_vert.glsl">
      <Filter>资源文件\shader</Filter>
    </None>
    <None Include="shader\s_13_1_geometry_frag.glsl">
      <Filter>资源文件\shader</Filter>
    </None>
    <None Include="shader\s_13_2_geometry_explode_frag.glsl">
      <Filter>资源文件\shader</Filter>
    </None>
    <None Include="shader\s_13_2_geometry_explode_geom.glsl">
      <Filter>资源文件\shader</Filter>
    </None>
    <None Include="shader\s_13_2_geometry_explode_vert.glsl">
      <Filter>资源文件\shader</Filter>
    </None>
    <None Include="shader\s_13_3_geometry_delete_geom.glsl">
      <Filter>资源文件\shader</Filter>
    </None>
    <None Include="shader\s_13_4_geometry_add_geom.glsl">
      <Filter>资源文件\shader</Filter>
    </None>
    <None Include="shader\s_13_4_geometry_add_vert.glsl">
      <Filter>资源文件\shader</Filter>
    </None>
    <None Include="shader\s_13_4_geometry_add_frag.glsl">
      <Filter>资源文件\shader</Filter>
    </None>
    <None Include="shader\s_13_5_geometry_change_geom.glsl">
      <Filter>资源文件\shader</Filter>
    </None>
    <None Include="shader\s_14_1_fog_frag.glsl">
      <Filter>资源文件\shader</Filter>
    </None>
    <None Include="shader\s_14_1_fog_vert.glsl">
      <Filter>资源文件\shader</Filter>
    </None>
    <None Include="shader\s_14_2_blend_frag.glsl">
      <Filter>资源文件\shader</Filter>
    </None>
    <None Include="shader\s_14_2_blend_vert.glsl">
      <Filter>资源文件\shader</Filter>
    </None>
    <None Include="shader\s_14_3_clip_frag.glsl">
      <Filter>资源文件\shader</Filter>
    </None>
    <None Include="shader\s_14_3_clip_vert.glsl">
      <Filter>资源文件\shader</Filter>
    </None>
    <None Include="shader\s_14_4_3d_texture_vert.glsl">
      <Filter>资源文件\shader</Filter>
    </None>
    <None Include="shader\s_14_4_3d_texture_frag.glsl">
      <Filter>资源文件\shader</Filter>
    </None>
  </ItemGroup>
</Project>